// !$*UTF8*$!
{
	archiveVersion = 1;
	classes = {
	};
	objectVersion = 51;
	objects = {

/* Begin PBXBuildFile section */
		27045D4D2200826700B57D8B /* Settings.bundle in Resources */ = {isa = PBXBuildFile; fileRef = 27045D4C2200826700B57D8B /* Settings.bundle */; };
		2706C4102374C685006CB989 /* Seasonal.xcdatamodeld in Sources */ = {isa = PBXBuildFile; fileRef = 2706C40E2374C685006CB989 /* Seasonal.xcdatamodeld */; };
		270C20A1238A6A0D0009D2A0 /* lightwelcomevideo.mp4 in Resources */ = {isa = PBXBuildFile; fileRef = 270C20A0238A6A060009D2A0 /* lightwelcomevideo.mp4 */; };
		270C20A3238BCB900009D2A0 /* darkwelcomevideo.mp4 in Resources */ = {isa = PBXBuildFile; fileRef = 270C20A2238BCB780009D2A0 /* darkwelcomevideo.mp4 */; };
		27124F0E24F8F8D3003A8D74 /* DateHandler.swift in Sources */ = {isa = PBXBuildFile; fileRef = 27124F0D24F8F8D3003A8D74 /* DateHandler.swift */; };
		2715421722F9957900375D64 /* LocationService.swift in Sources */ = {isa = PBXBuildFile; fileRef = 2715421622F9957900375D64 /* LocationService.swift */; };
		27157E6E254FE02D0001CD4D /* LikedProduce.swift in Sources */ = {isa = PBXBuildFile; fileRef = 27157E6D254FE02D0001CD4D /* LikedProduce.swift */; };
		271847F121F41A34002D4214 /* Package.swift in Sources */ = {isa = PBXBuildFile; fileRef = 271847F021F41A34002D4214 /* Package.swift */; };
		2718494C233614BB0070380C /* Assets.xcassets in Resources */ = {isa = PBXBuildFile; fileRef = 27F4218E22328FA40009922C /* Assets.xcassets */; };
		2718E2D5225F809200B802F9 /* Constants.swift in Sources */ = {isa = PBXBuildFile; fileRef = 2718E2CF225F809100B802F9 /* Constants.swift */; };
		27216E1821E800100042B4F4 /* WelcomeVC.swift in Sources */ = {isa = PBXBuildFile; fileRef = 27216E1621E800100042B4F4 /* WelcomeVC.swift */; };
		272D610A2568E7AC00C9A028 /* MenuBarCell.swift in Sources */ = {isa = PBXBuildFile; fileRef = 272D61092568E7AC00C9A028 /* MenuBarCell.swift */; };
		275E88CE21C113470015968C /* SeasonsViewController.swift in Sources */ = {isa = PBXBuildFile; fileRef = 275E88CD21C113470015968C /* SeasonsViewController.swift */; };
		275E88D621C113CC0015968C /* SeasonsTableViewCell.swift in Sources */ = {isa = PBXBuildFile; fileRef = 275E88D521C113CC0015968C /* SeasonsTableViewCell.swift */; };
		27657F2F24ED4A2500382E83 /* Coordinator.swift in Sources */ = {isa = PBXBuildFile; fileRef = 27657F2E24ED4A2500382E83 /* Coordinator.swift */; };
		27657F3124ED4CF700382E83 /* Storyboarded.swift in Sources */ = {isa = PBXBuildFile; fileRef = 27657F3024ED4CF700382E83 /* Storyboarded.swift */; };
		27657F3324ED4EC400382E83 /* MainCoordinator.swift in Sources */ = {isa = PBXBuildFile; fileRef = 27657F3224ED4EC400382E83 /* MainCoordinator.swift */; };
		2765920D223D2B1C00A2C9C8 /* CloudKit.framework in Frameworks */ = {isa = PBXBuildFile; fileRef = 2765920C223D2B1C00A2C9C8 /* CloudKit.framework */; };
		276DDC4F237671AC00929E77 /* LocalDataManager.swift in Sources */ = {isa = PBXBuildFile; fileRef = 276DDC4E237671AC00929E77 /* LocalDataManager.swift */; };
		276F35D924D695CC00D223A0 /* CloudKitDataHandler.swift in Sources */ = {isa = PBXBuildFile; fileRef = 276F35D824D695CC00D223A0 /* CloudKitDataHandler.swift */; };
		278611B42567304B00E8021B /* MenuBarViewModel.swift in Sources */ = {isa = PBXBuildFile; fileRef = 278611B32567304B00E8021B /* MenuBarViewModel.swift */; };
		278611B62567CC3500E8021B /* ProduceCellViewModel.swift in Sources */ = {isa = PBXBuildFile; fileRef = 278611B52567CC3500E8021B /* ProduceCellViewModel.swift */; };
		278611B825687D2C00E8021B /* MenuBarItem.swift in Sources */ = {isa = PBXBuildFile; fileRef = 278611B725687D2C00E8021B /* MenuBarItem.swift */; };
		278611BA25687DF500E8021B /* Produce.swift in Sources */ = {isa = PBXBuildFile; fileRef = 278611B925687DF500E8021B /* Produce.swift */; };
		2795AA8E222D0745009CE7D3 /* MonthsCollectionView.swift in Sources */ = {isa = PBXBuildFile; fileRef = 2795AA8D222D0745009CE7D3 /* MonthsCollectionView.swift */; };
		2795AA91222D0A0F009CE7D3 /* MonthPickerCell.swift in Sources */ = {isa = PBXBuildFile; fileRef = 2795AA90222D0A0F009CE7D3 /* MonthPickerCell.swift */; };
		27993B11224A2A9500438A6B /* MonthTableCollectionViewCell.swift in Sources */ = {isa = PBXBuildFile; fileRef = 27993B10224A2A9500438A6B /* MonthTableCollectionViewCell.swift */; };
		279A3CDB25629A5F008E88EC /* AppStateViewModel.swift in Sources */ = {isa = PBXBuildFile; fileRef = 279A3CDA25629A5F008E88EC /* AppStateViewModel.swift */; };
		279A3CDD25629A97008E88EC /* PageStatus.swift in Sources */ = {isa = PBXBuildFile; fileRef = 279A3CDC25629A97008E88EC /* PageStatus.swift */; };
		279CA20C220B068E00A6D9CE /* MenuBar.swift in Sources */ = {isa = PBXBuildFile; fileRef = 279CA20B220B068E00A6D9CE /* MenuBar.swift */; };
		27A3835721DF673800BB62C1 /* MonthViewController.swift in Sources */ = {isa = PBXBuildFile; fileRef = 27A3835621DF673800BB62C1 /* MonthViewController.swift */; };
		27A3835F21DF6EE200BB62C1 /* SelectedCategoryViewCell.swift in Sources */ = {isa = PBXBuildFile; fileRef = 27A3835E21DF6EE200BB62C1 /* SelectedCategoryViewCell.swift */; };
		27B4E45B22D99930003D51B8 /* CoreLocation.framework in Frameworks */ = {isa = PBXBuildFile; fileRef = 27B4E44D22D99930003D51B8 /* CoreLocation.framework */; };
		27BEF26D222CFECB00E595E0 /* MonthPickerViewController.swift in Sources */ = {isa = PBXBuildFile; fileRef = 27BEF26C222CFECB00E595E0 /* MonthPickerViewController.swift */; };
		27C5CD0A255E5AD400E937BF /* Extensions.swift in Sources */ = {isa = PBXBuildFile; fileRef = 27C5CD09255E5AD400E937BF /* Extensions.swift */; };
		27CC65F824D410EE0023A08B /* NetworkService.swift in Sources */ = {isa = PBXBuildFile; fileRef = 27CC65F724D410EE0023A08B /* NetworkService.swift */; };
		27E6E69122D1A3790018DCF2 /* InitialVC.swift in Sources */ = {isa = PBXBuildFile; fileRef = 27E6E69022D1A3790018DCF2 /* InitialVC.swift */; };
		27ECB41622EF19090097A8D4 /* InfoCardVC.swift in Sources */ = {isa = PBXBuildFile; fileRef = 27ECB41522EF19090097A8D4 /* InfoCardVC.swift */; };
		27EFF3C8215A5C1500CFB31D /* AppDelegate.swift in Sources */ = {isa = PBXBuildFile; fileRef = 27EFF3C7215A5C1500CFB31D /* AppDelegate.swift */; };
		27EFF3CD215A5C1500CFB31D /* Main.storyboard in Resources */ = {isa = PBXBuildFile; fileRef = 27EFF3CB215A5C1500CFB31D /* Main.storyboard */; };
		27EFF3D2215A5C1700CFB31D /* LaunchScreen.storyboard in Resources */ = {isa = PBXBuildFile; fileRef = 27EFF3D0215A5C1700CFB31D /* LaunchScreen.storyboard */; };
		27F4762D222DDAA000306FC2 /* NavigationController.swift in Sources */ = {isa = PBXBuildFile; fileRef = 27F4762C222DDAA000306FC2 /* NavigationController.swift */; };
		CA717B76A7CAC92C8440C99F /* Pods_Seasonal.framework in Frameworks */ = {isa = PBXBuildFile; fileRef = A53913D37B2057E85417F027 /* Pods_Seasonal.framework */; };
/* End PBXBuildFile section */

/* Begin PBXCopyFilesBuildPhase section */
		272936E721F1DDBE005C95B3 /* Embed Frameworks */ = {
			isa = PBXCopyFilesBuildPhase;
			buildActionMask = 2147483647;
			dstPath = "";
			dstSubfolderSpec = 10;
			files = (
			);
			name = "Embed Frameworks";
			runOnlyForDeploymentPostprocessing = 0;
		};
		27A916D521AD139F00C6B365 /* Embed Frameworks */ = {
			isa = PBXCopyFilesBuildPhase;
			buildActionMask = 2147483647;
			dstPath = "";
			dstSubfolderSpec = 0;
			files = (
			);
			name = "Embed Frameworks";
			runOnlyForDeploymentPostprocessing = 0;
		};
/* End PBXCopyFilesBuildPhase section */

/* Begin PBXFileReference section */
		1D70CF9AB8B03566EA80D67A /* Pods-Seasonal.debug.xcconfig */ = {isa = PBXFileReference; includeInIndex = 1; lastKnownFileType = text.xcconfig; name = "Pods-Seasonal.debug.xcconfig"; path = "Pods/Target Support Files/Pods-Seasonal/Pods-Seasonal.debug.xcconfig"; sourceTree = "<group>"; };
		27045D4C2200826700B57D8B /* Settings.bundle */ = {isa = PBXFileReference; lastKnownFileType = "wrapper.plug-in"; path = Settings.bundle; sourceTree = "<group>"; };
		2706C40F2374C685006CB989 /* Seasonal.xcdatamodel */ = {isa = PBXFileReference; lastKnownFileType = wrapper.xcdatamodel; path = Seasonal.xcdatamodel; sourceTree = "<group>"; };
		270C20A0238A6A060009D2A0 /* lightwelcomevideo.mp4 */ = {isa = PBXFileReference; lastKnownFileType = file; path = lightwelcomevideo.mp4; sourceTree = "<group>"; };
		270C20A2238BCB780009D2A0 /* darkwelcomevideo.mp4 */ = {isa = PBXFileReference; lastKnownFileType = file; path = darkwelcomevideo.mp4; sourceTree = "<group>"; };
		27124F0D24F8F8D3003A8D74 /* DateHandler.swift */ = {isa = PBXFileReference; lastKnownFileType = sourcecode.swift; path = DateHandler.swift; sourceTree = "<group>"; };
		2715421622F9957900375D64 /* LocationService.swift */ = {isa = PBXFileReference; lastKnownFileType = sourcecode.swift; path = LocationService.swift; sourceTree = "<group>"; };
		27157E6D254FE02D0001CD4D /* LikedProduce.swift */ = {isa = PBXFileReference; lastKnownFileType = sourcecode.swift; path = LikedProduce.swift; sourceTree = "<group>"; };
		271847F021F41A34002D4214 /* Package.swift */ = {isa = PBXFileReference; lastKnownFileType = sourcecode.swift; path = Package.swift; sourceTree = "<group>"; };
		2718E2CF225F809100B802F9 /* Constants.swift */ = {isa = PBXFileReference; fileEncoding = 4; lastKnownFileType = sourcecode.swift; path = Constants.swift; sourceTree = "<group>"; };
		27216E1621E800100042B4F4 /* WelcomeVC.swift */ = {isa = PBXFileReference; lastKnownFileType = sourcecode.swift; path = WelcomeVC.swift; sourceTree = "<group>"; };
		272D61092568E7AC00C9A028 /* MenuBarCell.swift */ = {isa = PBXFileReference; lastKnownFileType = sourcecode.swift; path = MenuBarCell.swift; sourceTree = "<group>"; };
		275E88CD21C113470015968C /* SeasonsViewController.swift */ = {isa = PBXFileReference; lastKnownFileType = sourcecode.swift; path = SeasonsViewController.swift; sourceTree = "<group>"; };
		275E88D521C113CC0015968C /* SeasonsTableViewCell.swift */ = {isa = PBXFileReference; lastKnownFileType = sourcecode.swift; path = SeasonsTableViewCell.swift; sourceTree = "<group>"; };
		27657F2E24ED4A2500382E83 /* Coordinator.swift */ = {isa = PBXFileReference; lastKnownFileType = sourcecode.swift; path = Coordinator.swift; sourceTree = "<group>"; };
		27657F3024ED4CF700382E83 /* Storyboarded.swift */ = {isa = PBXFileReference; lastKnownFileType = sourcecode.swift; path = Storyboarded.swift; sourceTree = "<group>"; };
		27657F3224ED4EC400382E83 /* MainCoordinator.swift */ = {isa = PBXFileReference; lastKnownFileType = sourcecode.swift; path = MainCoordinator.swift; sourceTree = "<group>"; };
		2765920B223D2AE900A2C9C8 /* Seasonal.entitlements */ = {isa = PBXFileReference; lastKnownFileType = text.plist.entitlements; path = Seasonal.entitlements; sourceTree = "<group>"; };
		2765920C223D2B1C00A2C9C8 /* CloudKit.framework */ = {isa = PBXFileReference; lastKnownFileType = wrapper.framework; name = CloudKit.framework; path = System/Library/Frameworks/CloudKit.framework; sourceTree = SDKROOT; };
		276DDC4E237671AC00929E77 /* LocalDataManager.swift */ = {isa = PBXFileReference; lastKnownFileType = sourcecode.swift; path = LocalDataManager.swift; sourceTree = "<group>"; };
		276F35D824D695CC00D223A0 /* CloudKitDataHandler.swift */ = {isa = PBXFileReference; lastKnownFileType = sourcecode.swift; path = CloudKitDataHandler.swift; sourceTree = "<group>"; };
		278611B32567304B00E8021B /* MenuBarViewModel.swift */ = {isa = PBXFileReference; lastKnownFileType = sourcecode.swift; path = MenuBarViewModel.swift; sourceTree = "<group>"; };
		278611B52567CC3500E8021B /* ProduceCellViewModel.swift */ = {isa = PBXFileReference; lastKnownFileType = sourcecode.swift; path = ProduceCellViewModel.swift; sourceTree = "<group>"; };
		278611B725687D2C00E8021B /* MenuBarItem.swift */ = {isa = PBXFileReference; lastKnownFileType = sourcecode.swift; path = MenuBarItem.swift; sourceTree = "<group>"; };
		278611B925687DF500E8021B /* Produce.swift */ = {isa = PBXFileReference; lastKnownFileType = sourcecode.swift; path = Produce.swift; sourceTree = "<group>"; };
		2795AA8D222D0745009CE7D3 /* MonthsCollectionView.swift */ = {isa = PBXFileReference; lastKnownFileType = sourcecode.swift; path = MonthsCollectionView.swift; sourceTree = "<group>"; };
		2795AA90222D0A0F009CE7D3 /* MonthPickerCell.swift */ = {isa = PBXFileReference; lastKnownFileType = sourcecode.swift; path = MonthPickerCell.swift; sourceTree = "<group>"; };
		27993B10224A2A9500438A6B /* MonthTableCollectionViewCell.swift */ = {isa = PBXFileReference; lastKnownFileType = sourcecode.swift; path = MonthTableCollectionViewCell.swift; sourceTree = "<group>"; };
		279A3CDA25629A5F008E88EC /* AppStateViewModel.swift */ = {isa = PBXFileReference; lastKnownFileType = sourcecode.swift; path = AppStateViewModel.swift; sourceTree = "<group>"; };
		279A3CDC25629A97008E88EC /* PageStatus.swift */ = {isa = PBXFileReference; lastKnownFileType = sourcecode.swift; path = PageStatus.swift; sourceTree = "<group>"; };
		279CA20B220B068E00A6D9CE /* MenuBar.swift */ = {isa = PBXFileReference; lastKnownFileType = sourcecode.swift; path = MenuBar.swift; sourceTree = "<group>"; tabWidth = 5; };
		27A3835621DF673800BB62C1 /* MonthViewController.swift */ = {isa = PBXFileReference; lastKnownFileType = sourcecode.swift; path = MonthViewController.swift; sourceTree = "<group>"; };
		27A3835E21DF6EE200BB62C1 /* SelectedCategoryViewCell.swift */ = {isa = PBXFileReference; lastKnownFileType = sourcecode.swift; path = SelectedCategoryViewCell.swift; sourceTree = "<group>"; };
		27A8C54721D105D70083AE09 /* Seasonal.xcodeproj */ = {isa = PBXFileReference; lastKnownFileType = "wrapper.pb-project"; path = Seasonal.xcodeproj; sourceTree = "<group>"; };
		27B4E44D22D99930003D51B8 /* CoreLocation.framework */ = {isa = PBXFileReference; lastKnownFileType = wrapper.framework; name = CoreLocation.framework; path = System/Library/Frameworks/CoreLocation.framework; sourceTree = SDKROOT; };
		27BEF26C222CFECB00E595E0 /* MonthPickerViewController.swift */ = {isa = PBXFileReference; lastKnownFileType = sourcecode.swift; path = MonthPickerViewController.swift; sourceTree = "<group>"; };
		27C5CD09255E5AD400E937BF /* Extensions.swift */ = {isa = PBXFileReference; lastKnownFileType = sourcecode.swift; path = Extensions.swift; sourceTree = "<group>"; };
		27CC65F724D410EE0023A08B /* NetworkService.swift */ = {isa = PBXFileReference; lastKnownFileType = sourcecode.swift; path = NetworkService.swift; sourceTree = "<group>"; };
		27E6E69022D1A3790018DCF2 /* InitialVC.swift */ = {isa = PBXFileReference; lastKnownFileType = sourcecode.swift; path = InitialVC.swift; sourceTree = "<group>"; };
		27ECB41522EF19090097A8D4 /* InfoCardVC.swift */ = {isa = PBXFileReference; lastKnownFileType = sourcecode.swift; name = InfoCardVC.swift; path = ../../XIBs/InfoCardVC.swift; sourceTree = "<group>"; };
		27EFF3C4215A5C1500CFB31D /* Seasonal.app */ = {isa = PBXFileReference; explicitFileType = wrapper.application; includeInIndex = 0; path = Seasonal.app; sourceTree = BUILT_PRODUCTS_DIR; };
		27EFF3C7215A5C1500CFB31D /* AppDelegate.swift */ = {isa = PBXFileReference; lastKnownFileType = sourcecode.swift; path = AppDelegate.swift; sourceTree = "<group>"; };
		27EFF3CC215A5C1500CFB31D /* Base */ = {isa = PBXFileReference; lastKnownFileType = file.storyboard; name = Base; path = Base.lproj/Main.storyboard; sourceTree = "<group>"; };
		27EFF3D1215A5C1700CFB31D /* Base */ = {isa = PBXFileReference; lastKnownFileType = file.storyboard; name = Base; path = Base.lproj/LaunchScreen.storyboard; sourceTree = "<group>"; };
		27EFF3D3215A5C1700CFB31D /* Info.plist */ = {isa = PBXFileReference; lastKnownFileType = text.plist.xml; path = Info.plist; sourceTree = "<group>"; };
		27F4218E22328FA40009922C /* Assets.xcassets */ = {isa = PBXFileReference; lastKnownFileType = folder.assetcatalog; path = Assets.xcassets; sourceTree = "<group>"; };
		27F4762C222DDAA000306FC2 /* NavigationController.swift */ = {isa = PBXFileReference; lastKnownFileType = sourcecode.swift; path = NavigationController.swift; sourceTree = "<group>"; };
		A53913D37B2057E85417F027 /* Pods_Seasonal.framework */ = {isa = PBXFileReference; explicitFileType = wrapper.framework; includeInIndex = 0; path = Pods_Seasonal.framework; sourceTree = BUILT_PRODUCTS_DIR; };
		B0B253232372400B007E8BCF /* GoogleService-Info.plist */ = {isa = PBXFileReference; fileEncoding = 4; lastKnownFileType = text.plist.xml; path = "GoogleService-Info.plist"; sourceTree = "<group>"; };
		C0C0D9B220EBC5C593B7907A /* Pods-Seasonal.release.xcconfig */ = {isa = PBXFileReference; includeInIndex = 1; lastKnownFileType = text.xcconfig; name = "Pods-Seasonal.release.xcconfig"; path = "Pods/Target Support Files/Pods-Seasonal/Pods-Seasonal.release.xcconfig"; sourceTree = "<group>"; };
/* End PBXFileReference section */

/* Begin PBXFrameworksBuildPhase section */
		27EFF3C1215A5C1500CFB31D /* Frameworks */ = {
			isa = PBXFrameworksBuildPhase;
			buildActionMask = 2147483647;
			files = (
				27B4E45B22D99930003D51B8 /* CoreLocation.framework in Frameworks */,
				2765920D223D2B1C00A2C9C8 /* CloudKit.framework in Frameworks */,
				CA717B76A7CAC92C8440C99F /* Pods_Seasonal.framework in Frameworks */,
			);
			runOnlyForDeploymentPostprocessing = 0;
		};
/* End PBXFrameworksBuildPhase section */

/* Begin PBXGroup section */
		27086B1F221D79D700E3C236 /* Modal Controllers */ = {
			isa = PBXGroup;
			children = (
				27E6E69022D1A3790018DCF2 /* InitialVC.swift */,
				27ECB41522EF19090097A8D4 /* InfoCardVC.swift */,
				27216E1621E800100042B4F4 /* WelcomeVC.swift */,
			);
			path = "Modal Controllers";
			sourceTree = "<group>";
		};
		27157E6C254FDD2D0001CD4D /* View Model */ = {
			isa = PBXGroup;
			children = (
				279A3CDA25629A5F008E88EC /* AppStateViewModel.swift */,
				278611B32567304B00E8021B /* MenuBarViewModel.swift */,
				278611B52567CC3500E8021B /* ProduceCellViewModel.swift */,
			);
			path = "View Model";
			sourceTree = "<group>";
		};
		27157E7925529FA60001CD4D /* Network */ = {
			isa = PBXGroup;
			children = (
				27CC65F724D410EE0023A08B /* NetworkService.swift */,
				276F35D824D695CC00D223A0 /* CloudKitDataHandler.swift */,
				2715421622F9957900375D64 /* LocationService.swift */,
			);
			path = Network;
			sourceTree = "<group>";
		};
		2718E2CE225F808700B802F9 /* Data */ = {
			isa = PBXGroup;
			children = (
				27157E6D254FE02D0001CD4D /* LikedProduce.swift */,
				276DDC4E237671AC00929E77 /* LocalDataManager.swift */,
			);
			path = Data;
			sourceTree = "<group>";
		};
		271E69AB216DDF7400E7C126 /* Services */ = {
			isa = PBXGroup;
			children = (
				2794134C238F4047003D16E2 /* Videos */,
				27F4218E22328FA40009922C /* Assets.xcassets */,
				27045D4C2200826700B57D8B /* Settings.bundle */,
			);
			path = Services;
			sourceTree = "<group>";
		};
		27216E1A21E8001B0042B4F4 /* XIBs */ = {
			isa = PBXGroup;
			children = (
			);
			path = XIBs;
			sourceTree = "<group>";
		};
		275FAEF52168872000FD7044 /* Model */ = {
			isa = PBXGroup;
			children = (
				279A3CDC25629A97008E88EC /* PageStatus.swift */,
				278611B725687D2C00E8021B /* MenuBarItem.swift */,
				278611B925687DF500E8021B /* Produce.swift */,
			);
			path = Model;
			sourceTree = "<group>";
		};
		275FAEF62168872D00FD7044 /* Controller */ = {
			isa = PBXGroup;
			children = (
				275E88CD21C113470015968C /* SeasonsViewController.swift */,
				27BEF26C222CFECB00E595E0 /* MonthPickerViewController.swift */,
				27A3835621DF673800BB62C1 /* MonthViewController.swift */,
				27086B1F221D79D700E3C236 /* Modal Controllers */,
			);
			path = Controller;
			sourceTree = "<group>";
		};
		275FAEF72168873500FD7044 /* View */ = {
			isa = PBXGroup;
			children = (
				27F4762C222DDAA000306FC2 /* NavigationController.swift */,
				279CA20B220B068E00A6D9CE /* MenuBar.swift */,
				2795AA8D222D0745009CE7D3 /* MonthsCollectionView.swift */,
				2795AA8F222D074A009CE7D3 /* Cells */,
			);
			path = View;
			sourceTree = "<group>";
		};
		27657F3424ED4EC900382E83 /* Coordinator */ = {
			isa = PBXGroup;
			children = (
				27657F3224ED4EC400382E83 /* MainCoordinator.swift */,
				27657F3024ED4CF700382E83 /* Storyboarded.swift */,
				27657F2E24ED4A2500382E83 /* Coordinator.swift */,
			);
			path = Coordinator;
			sourceTree = "<group>";
		};
		278611BB25687F8900E8021B /* Utilities */ = {
			isa = PBXGroup;
			children = (
				2718E2CF225F809100B802F9 /* Constants.swift */,
				27C5CD09255E5AD400E937BF /* Extensions.swift */,
				27124F0D24F8F8D3003A8D74 /* DateHandler.swift */,
			);
			path = Utilities;
			sourceTree = "<group>";
		};
		2794134C238F4047003D16E2 /* Videos */ = {
			isa = PBXGroup;
			children = (
				270C20A0238A6A060009D2A0 /* lightwelcomevideo.mp4 */,
				270C20A2238BCB780009D2A0 /* darkwelcomevideo.mp4 */,
			);
			path = Videos;
			sourceTree = "<group>";
		};
		2795AA8F222D074A009CE7D3 /* Cells */ = {
			isa = PBXGroup;
			children = (
				2795AA90222D0A0F009CE7D3 /* MonthPickerCell.swift */,
				27A3835E21DF6EE200BB62C1 /* SelectedCategoryViewCell.swift */,
				275E88D521C113CC0015968C /* SeasonsTableViewCell.swift */,
				27993B10224A2A9500438A6B /* MonthTableCollectionViewCell.swift */,
				272D61092568E7AC00C9A028 /* MenuBarCell.swift */,
			);
			path = Cells;
			sourceTree = "<group>";
		};
		27A8C54821D105D70083AE09 /* Products */ = {
			isa = PBXGroup;
			children = (
			);
			name = Products;
			sourceTree = "<group>";
		};
		27A916CF21AD138B00C6B365 /* Frameworks */ = {
			isa = PBXGroup;
			children = (
				B0B253232372400B007E8BCF /* GoogleService-Info.plist */,
				27B4E44D22D99930003D51B8 /* CoreLocation.framework */,
				2765920C223D2B1C00A2C9C8 /* CloudKit.framework */,
				27A8C54721D105D70083AE09 /* Seasonal.xcodeproj */,
				A53913D37B2057E85417F027 /* Pods_Seasonal.framework */,
			);
			name = Frameworks;
			sourceTree = "<group>";
		};
		27EFF3BB215A5C1500CFB31D = {
			isa = PBXGroup;
			children = (
				27EFF3C6215A5C1500CFB31D /* Seasonal */,
				27EFF3C5215A5C1500CFB31D /* Products */,
				27A916CF21AD138B00C6B365 /* Frameworks */,
				BBF8CFF269EE2AB1E0E79341 /* Pods */,
			);
			sourceTree = "<group>";
		};
		27EFF3C5215A5C1500CFB31D /* Products */ = {
			isa = PBXGroup;
			children = (
				27EFF3C4215A5C1500CFB31D /* Seasonal.app */,
			);
			name = Products;
			sourceTree = "<group>";
		};
		27EFF3C6215A5C1500CFB31D /* Seasonal */ = {
			isa = PBXGroup;
			children = (
				27657F3424ED4EC900382E83 /* Coordinator */,
				27157E7925529FA60001CD4D /* Network */,
				2718E2CE225F808700B802F9 /* Data */,
				275FAEF52168872000FD7044 /* Model */,
				27157E6C254FDD2D0001CD4D /* View Model */,
				275FAEF72168873500FD7044 /* View */,
				275FAEF62168872D00FD7044 /* Controller */,
				278611BB25687F8900E8021B /* Utilities */,
				27216E1A21E8001B0042B4F4 /* XIBs */,
				271E69AB216DDF7400E7C126 /* Services */,
				27EFF3C7215A5C1500CFB31D /* AppDelegate.swift */,
				27EFF3CB215A5C1500CFB31D /* Main.storyboard */,
				27EFF3D0215A5C1700CFB31D /* LaunchScreen.storyboard */,
				27EFF3D3215A5C1700CFB31D /* Info.plist */,
				271847F021F41A34002D4214 /* Package.swift */,
				2706C40E2374C685006CB989 /* Seasonal.xcdatamodeld */,
				2765920B223D2AE900A2C9C8 /* Seasonal.entitlements */,
			);
			path = Seasonal;
			sourceTree = "<group>";
		};
		BBF8CFF269EE2AB1E0E79341 /* Pods */ = {
			isa = PBXGroup;
			children = (
				1D70CF9AB8B03566EA80D67A /* Pods-Seasonal.debug.xcconfig */,
				C0C0D9B220EBC5C593B7907A /* Pods-Seasonal.release.xcconfig */,
			);
			name = Pods;
			sourceTree = "<group>";
		};
/* End PBXGroup section */

/* Begin PBXNativeTarget section */
		27EFF3C3215A5C1500CFB31D /* Seasonal */ = {
			isa = PBXNativeTarget;
			buildConfigurationList = 27EFF3D6215A5C1700CFB31D /* Build configuration list for PBXNativeTarget "Seasonal" */;
			buildPhases = (
				8CBE2C07F23248E4B01BEEE1 /* [CP] Check Pods Manifest.lock */,
				27EFF3C0215A5C1500CFB31D /* Sources */,
				27EFF3C1215A5C1500CFB31D /* Frameworks */,
				27EFF3C2215A5C1500CFB31D /* Resources */,
				27A916D521AD139F00C6B365 /* Embed Frameworks */,
				272936E721F1DDBE005C95B3 /* Embed Frameworks */,
				27045D4E2200847200B57D8B /* ShellScript */,
				0700178F36C9087E59207D6F /* [CP] Embed Pods Frameworks */,
			);
			buildRules = (
			);
			dependencies = (
			);
			name = Seasonal;
			packageProductDependencies = (
			);
			productName = Seasonsal;
			productReference = 27EFF3C4215A5C1500CFB31D /* Seasonal.app */;
			productType = "com.apple.product-type.application";
		};
/* End PBXNativeTarget section */

/* Begin PBXProject section */
		27EFF3BC215A5C1500CFB31D /* Project object */ = {
			isa = PBXProject;
			attributes = {
				LastSwiftUpdateCheck = 1000;
				LastUpgradeCheck = 1200;
				ORGANIZATIONNAME = "Clint Thomas";
				TargetAttributes = {
					27EFF3C3215A5C1500CFB31D = {
						CreatedOnToolsVersion = 10.0;
						LastSwiftMigration = 1020;
						SystemCapabilities = {
							com.apple.Push = {
								enabled = 1;
							};
							com.apple.iCloud = {
								enabled = 1;
							};
						};
					};
				};
			};
			buildConfigurationList = 27EFF3BF215A5C1500CFB31D /* Build configuration list for PBXProject "Seasonal" */;
			compatibilityVersion = "Xcode 9.3";
			developmentRegion = en;
			hasScannedForEncodings = 0;
			knownRegions = (
				en,
				Base,
			);
			mainGroup = 27EFF3BB215A5C1500CFB31D;
			packageReferences = (
			);
			productRefGroup = 27EFF3C5215A5C1500CFB31D /* Products */;
			projectDirPath = "";
			projectReferences = (
				{
					ProductGroup = 27A8C54821D105D70083AE09 /* Products */;
					ProjectRef = 27A8C54721D105D70083AE09 /* Seasonal.xcodeproj */;
				},
			);
			projectRoot = "";
			targets = (
				27EFF3C3215A5C1500CFB31D /* Seasonal */,
			);
		};
/* End PBXProject section */

/* Begin PBXResourcesBuildPhase section */
		27EFF3C2215A5C1500CFB31D /* Resources */ = {
			isa = PBXResourcesBuildPhase;
			buildActionMask = 2147483647;
			files = (
				27EFF3D2215A5C1700CFB31D /* LaunchScreen.storyboard in Resources */,
				27EFF3CD215A5C1500CFB31D /* Main.storyboard in Resources */,
				27045D4D2200826700B57D8B /* Settings.bundle in Resources */,
				270C20A3238BCB900009D2A0 /* darkwelcomevideo.mp4 in Resources */,
				270C20A1238A6A0D0009D2A0 /* lightwelcomevideo.mp4 in Resources */,
				2718494C233614BB0070380C /* Assets.xcassets in Resources */,
			);
			runOnlyForDeploymentPostprocessing = 0;
		};
/* End PBXResourcesBuildPhase section */

/* Begin PBXShellScriptBuildPhase section */
		0700178F36C9087E59207D6F /* [CP] Embed Pods Frameworks */ = {
			isa = PBXShellScriptBuildPhase;
			buildActionMask = 2147483647;
			files = (
			);
			inputFileListPaths = (
				"${PODS_ROOT}/Target Support Files/Pods-Seasonal/Pods-Seasonal-frameworks-${CONFIGURATION}-input-files.xcfilelist",
			);
			name = "[CP] Embed Pods Frameworks";
			outputFileListPaths = (
				"${PODS_ROOT}/Target Support Files/Pods-Seasonal/Pods-Seasonal-frameworks-${CONFIGURATION}-output-files.xcfilelist",
			);
			runOnlyForDeploymentPostprocessing = 0;
			shellPath = /bin/sh;
			shellScript = "\"${PODS_ROOT}/Target Support Files/Pods-Seasonal/Pods-Seasonal-frameworks.sh\"\n";
			showEnvVarsInLog = 0;
		};
		27045D4E2200847200B57D8B /* ShellScript */ = {
			isa = PBXShellScriptBuildPhase;
			buildActionMask = 12;
			files = (
			);
			inputFileListPaths = (
			);
			inputPaths = (
			);
			outputFileListPaths = (
			);
			outputPaths = (
			);
			runOnlyForDeploymentPostprocessing = 0;
			shellPath = /bin/sh;
			shellScript = "\ncp \"${SRCROOT}/Pods/Target Support Files/Pods-Seasonal/Pods-Seasonal-acknowledgements.plist\" ${BUILT_PRODUCTS_DIR}/${PRODUCT_NAME}.app/Settings.bundle\n";
		};
		8CBE2C07F23248E4B01BEEE1 /* [CP] Check Pods Manifest.lock */ = {
			isa = PBXShellScriptBuildPhase;
			buildActionMask = 2147483647;
			files = (
			);
			inputFileListPaths = (
			);
			inputPaths = (
				"${PODS_PODFILE_DIR_PATH}/Podfile.lock",
				"${PODS_ROOT}/Manifest.lock",
			);
			name = "[CP] Check Pods Manifest.lock";
			outputFileListPaths = (
			);
			outputPaths = (
				"$(DERIVED_FILE_DIR)/Pods-Seasonal-checkManifestLockResult.txt",
			);
			runOnlyForDeploymentPostprocessing = 0;
			shellPath = /bin/sh;
			shellScript = "diff \"${PODS_PODFILE_DIR_PATH}/Podfile.lock\" \"${PODS_ROOT}/Manifest.lock\" > /dev/null\nif [ $? != 0 ] ; then\n    # print error to STDERR\n    echo \"error: The sandbox is not in sync with the Podfile.lock. Run 'pod install' or update your CocoaPods installation.\" >&2\n    exit 1\nfi\n# This output is used by Xcode 'outputs' to avoid re-running this script phase.\necho \"SUCCESS\" > \"${SCRIPT_OUTPUT_FILE_0}\"\n";
			showEnvVarsInLog = 0;
		};
/* End PBXShellScriptBuildPhase section */

/* Begin PBXSourcesBuildPhase section */
		27EFF3C0215A5C1500CFB31D /* Sources */ = {
			isa = PBXSourcesBuildPhase;
			buildActionMask = 2147483647;
			files = (
				27CC65F824D410EE0023A08B /* NetworkService.swift in Sources */,
				272D610A2568E7AC00C9A028 /* MenuBarCell.swift in Sources */,
				278611BA25687DF500E8021B /* Produce.swift in Sources */,
				27ECB41622EF19090097A8D4 /* InfoCardVC.swift in Sources */,
				279A3CDD25629A97008E88EC /* PageStatus.swift in Sources */,
				27657F3124ED4CF700382E83 /* Storyboarded.swift in Sources */,
				27657F2F24ED4A2500382E83 /* Coordinator.swift in Sources */,
				27BEF26D222CFECB00E595E0 /* MonthPickerViewController.swift in Sources */,
				276F35D924D695CC00D223A0 /* CloudKitDataHandler.swift in Sources */,
				2706C4102374C685006CB989 /* Seasonal.xcdatamodeld in Sources */,
				279A3CDB25629A5F008E88EC /* AppStateViewModel.swift in Sources */,
				27216E1821E800100042B4F4 /* WelcomeVC.swift in Sources */,
				2718E2D5225F809200B802F9 /* Constants.swift in Sources */,
				27124F0E24F8F8D3003A8D74 /* DateHandler.swift in Sources */,
				27F4762D222DDAA000306FC2 /* NavigationController.swift in Sources */,
				27EFF3C8215A5C1500CFB31D /* AppDelegate.swift in Sources */,
				27C5CD0A255E5AD400E937BF /* Extensions.swift in Sources */,
				27993B11224A2A9500438A6B /* MonthTableCollectionViewCell.swift in Sources */,
				279CA20C220B068E00A6D9CE /* MenuBar.swift in Sources */,
				275E88CE21C113470015968C /* SeasonsViewController.swift in Sources */,
				27A3835F21DF6EE200BB62C1 /* SelectedCategoryViewCell.swift in Sources */,
				271847F121F41A34002D4214 /* Package.swift in Sources */,
				2795AA91222D0A0F009CE7D3 /* MonthPickerCell.swift in Sources */,
				276DDC4F237671AC00929E77 /* LocalDataManager.swift in Sources */,
				278611B62567CC3500E8021B /* ProduceCellViewModel.swift in Sources */,
				278611B825687D2C00E8021B /* MenuBarItem.swift in Sources */,
				27657F3324ED4EC400382E83 /* MainCoordinator.swift in Sources */,
				278611B42567304B00E8021B /* MenuBarViewModel.swift in Sources */,
				2795AA8E222D0745009CE7D3 /* MonthsCollectionView.swift in Sources */,
				27A3835721DF673800BB62C1 /* MonthViewController.swift in Sources */,
				27E6E69122D1A3790018DCF2 /* InitialVC.swift in Sources */,
				275E88D621C113CC0015968C /* SeasonsTableViewCell.swift in Sources */,
				27157E6E254FE02D0001CD4D /* LikedProduce.swift in Sources */,
				2715421722F9957900375D64 /* LocationService.swift in Sources */,
			);
			runOnlyForDeploymentPostprocessing = 0;
		};
/* End PBXSourcesBuildPhase section */

/* Begin PBXVariantGroup section */
		27EFF3CB215A5C1500CFB31D /* Main.storyboard */ = {
			isa = PBXVariantGroup;
			children = (
				27EFF3CC215A5C1500CFB31D /* Base */,
			);
			name = Main.storyboard;
			sourceTree = "<group>";
		};
		27EFF3D0215A5C1700CFB31D /* LaunchScreen.storyboard */ = {
			isa = PBXVariantGroup;
			children = (
				27EFF3D1215A5C1700CFB31D /* Base */,
			);
			name = LaunchScreen.storyboard;
			sourceTree = "<group>";
		};
/* End PBXVariantGroup section */

/* Begin XCBuildConfiguration section */
		27EFF3D4215A5C1700CFB31D /* Debug */ = {
			isa = XCBuildConfiguration;
			buildSettings = {
				ALWAYS_SEARCH_USER_PATHS = NO;
				CLANG_ANALYZER_NONNULL = YES;
				CLANG_ANALYZER_NUMBER_OBJECT_CONVERSION = YES_AGGRESSIVE;
				CLANG_CXX_LANGUAGE_STANDARD = "gnu++14";
				CLANG_CXX_LIBRARY = "libc++";
				CLANG_ENABLE_MODULES = YES;
				CLANG_ENABLE_OBJC_ARC = YES;
				CLANG_ENABLE_OBJC_WEAK = YES;
				CLANG_WARN_BLOCK_CAPTURE_AUTORELEASING = YES;
				CLANG_WARN_BOOL_CONVERSION = YES;
				CLANG_WARN_COMMA = YES;
				CLANG_WARN_CONSTANT_CONVERSION = YES;
				CLANG_WARN_DEPRECATED_OBJC_IMPLEMENTATIONS = YES;
				CLANG_WARN_DIRECT_OBJC_ISA_USAGE = YES_ERROR;
				CLANG_WARN_DOCUMENTATION_COMMENTS = YES;
				CLANG_WARN_EMPTY_BODY = YES;
				CLANG_WARN_ENUM_CONVERSION = YES;
				CLANG_WARN_INFINITE_RECURSION = YES;
				CLANG_WARN_INT_CONVERSION = YES;
				CLANG_WARN_NON_LITERAL_NULL_CONVERSION = YES;
				CLANG_WARN_OBJC_IMPLICIT_RETAIN_SELF = YES;
				CLANG_WARN_OBJC_LITERAL_CONVERSION = YES;
				CLANG_WARN_OBJC_ROOT_CLASS = YES_ERROR;
				CLANG_WARN_QUOTED_INCLUDE_IN_FRAMEWORK_HEADER = YES;
				CLANG_WARN_RANGE_LOOP_ANALYSIS = YES;
				CLANG_WARN_STRICT_PROTOTYPES = YES;
				CLANG_WARN_SUSPICIOUS_MOVE = YES;
				CLANG_WARN_UNGUARDED_AVAILABILITY = YES_AGGRESSIVE;
				CLANG_WARN_UNREACHABLE_CODE = YES;
				CLANG_WARN__DUPLICATE_METHOD_MATCH = YES;
				CODE_SIGN_IDENTITY = "iPhone Developer";
				COPY_PHASE_STRIP = NO;
				DEBUG_INFORMATION_FORMAT = dwarf;
				ENABLE_STRICT_OBJC_MSGSEND = YES;
				ENABLE_TESTABILITY = YES;
				GCC_C_LANGUAGE_STANDARD = gnu11;
				GCC_DYNAMIC_NO_PIC = NO;
				GCC_NO_COMMON_BLOCKS = YES;
				GCC_OPTIMIZATION_LEVEL = 0;
				GCC_PREPROCESSOR_DEFINITIONS = (
					"DEBUG=1",
					"$(inherited)",
				);
				GCC_WARN_64_TO_32_BIT_CONVERSION = YES;
				GCC_WARN_ABOUT_RETURN_TYPE = YES_ERROR;
				GCC_WARN_UNDECLARED_SELECTOR = YES;
				GCC_WARN_UNINITIALIZED_AUTOS = YES_AGGRESSIVE;
				GCC_WARN_UNUSED_FUNCTION = YES;
				GCC_WARN_UNUSED_VARIABLE = YES;
				IPHONEOS_DEPLOYMENT_TARGET = 14.0;
				MTL_ENABLE_DEBUG_INFO = INCLUDE_SOURCE;
				MTL_FAST_MATH = YES;
				ONLY_ACTIVE_ARCH = YES;
				SDKROOT = iphoneos;
				SWIFT_ACTIVE_COMPILATION_CONDITIONS = DEBUG;
				SWIFT_OPTIMIZATION_LEVEL = "-Onone";
			};
			name = Debug;
		};
		27EFF3D5215A5C1700CFB31D /* Release */ = {
			isa = XCBuildConfiguration;
			buildSettings = {
				ALWAYS_SEARCH_USER_PATHS = NO;
				CLANG_ANALYZER_NONNULL = YES;
				CLANG_ANALYZER_NUMBER_OBJECT_CONVERSION = YES_AGGRESSIVE;
				CLANG_CXX_LANGUAGE_STANDARD = "gnu++14";
				CLANG_CXX_LIBRARY = "libc++";
				CLANG_ENABLE_MODULES = YES;
				CLANG_ENABLE_OBJC_ARC = YES;
				CLANG_ENABLE_OBJC_WEAK = YES;
				CLANG_WARN_BLOCK_CAPTURE_AUTORELEASING = YES;
				CLANG_WARN_BOOL_CONVERSION = YES;
				CLANG_WARN_COMMA = YES;
				CLANG_WARN_CONSTANT_CONVERSION = YES;
				CLANG_WARN_DEPRECATED_OBJC_IMPLEMENTATIONS = YES;
				CLANG_WARN_DIRECT_OBJC_ISA_USAGE = YES_ERROR;
				CLANG_WARN_DOCUMENTATION_COMMENTS = YES;
				CLANG_WARN_EMPTY_BODY = YES;
				CLANG_WARN_ENUM_CONVERSION = YES;
				CLANG_WARN_INFINITE_RECURSION = YES;
				CLANG_WARN_INT_CONVERSION = YES;
				CLANG_WARN_NON_LITERAL_NULL_CONVERSION = YES;
				CLANG_WARN_OBJC_IMPLICIT_RETAIN_SELF = YES;
				CLANG_WARN_OBJC_LITERAL_CONVERSION = YES;
				CLANG_WARN_OBJC_ROOT_CLASS = YES_ERROR;
				CLANG_WARN_QUOTED_INCLUDE_IN_FRAMEWORK_HEADER = YES;
				CLANG_WARN_RANGE_LOOP_ANALYSIS = YES;
				CLANG_WARN_STRICT_PROTOTYPES = YES;
				CLANG_WARN_SUSPICIOUS_MOVE = YES;
				CLANG_WARN_UNGUARDED_AVAILABILITY = YES_AGGRESSIVE;
				CLANG_WARN_UNREACHABLE_CODE = YES;
				CLANG_WARN__DUPLICATE_METHOD_MATCH = YES;
				CODE_SIGN_IDENTITY = "iPhone Developer";
				COPY_PHASE_STRIP = NO;
				DEBUG_INFORMATION_FORMAT = "dwarf-with-dsym";
				ENABLE_NS_ASSERTIONS = NO;
				ENABLE_STRICT_OBJC_MSGSEND = YES;
				GCC_C_LANGUAGE_STANDARD = gnu11;
				GCC_NO_COMMON_BLOCKS = YES;
				GCC_WARN_64_TO_32_BIT_CONVERSION = YES;
				GCC_WARN_ABOUT_RETURN_TYPE = YES_ERROR;
				GCC_WARN_UNDECLARED_SELECTOR = YES;
				GCC_WARN_UNINITIALIZED_AUTOS = YES_AGGRESSIVE;
				GCC_WARN_UNUSED_FUNCTION = YES;
				GCC_WARN_UNUSED_VARIABLE = YES;
				IPHONEOS_DEPLOYMENT_TARGET = 14.0;
				MTL_ENABLE_DEBUG_INFO = NO;
				MTL_FAST_MATH = YES;
				SDKROOT = iphoneos;
				SWIFT_COMPILATION_MODE = wholemodule;
				SWIFT_OPTIMIZATION_LEVEL = "-O";
				VALIDATE_PRODUCT = YES;
			};
			name = Release;
		};
		27EFF3D7215A5C1700CFB31D /* Debug */ = {
			isa = XCBuildConfiguration;
			baseConfigurationReference = 1D70CF9AB8B03566EA80D67A /* Pods-Seasonal.debug.xcconfig */;
			buildSettings = {
				ALWAYS_EMBED_SWIFT_STANDARD_LIBRARIES = YES;
				ASSETCATALOG_COMPILER_APPICON_NAME = AppIcon;
				CODE_SIGN_ENTITLEMENTS = Seasonal/Seasonal.entitlements;
				CODE_SIGN_IDENTITY = "iPhone Developer";
				CODE_SIGN_STYLE = Automatic;
				CURRENT_PROJECT_VERSION = 16;
				DEVELOPMENT_TEAM = L8GPFYU7M7;
				INFOPLIST_FILE = "$(SRCROOT)/Seasonal/Info.plist";
				IPHONEOS_DEPLOYMENT_TARGET = 13.6;
				LD_RUNPATH_SEARCH_PATHS = (
					"$(inherited)",
					"@executable_path/Frameworks",
				);
				MARKETING_VERSION = 1.0.3;
				PRODUCT_BUNDLE_IDENTIFIER = clomas.Seasonal;
				PRODUCT_NAME = "$(TARGET_NAME)";
				PROVISIONING_PROFILE_SPECIFIER = "";
				SWIFT_VERSION = 5.0;
				TARGETED_DEVICE_FAMILY = 1;
			};
			name = Debug;
		};
		27EFF3D8215A5C1700CFB31D /* Release */ = {
			isa = XCBuildConfiguration;
			baseConfigurationReference = C0C0D9B220EBC5C593B7907A /* Pods-Seasonal.release.xcconfig */;
			buildSettings = {
				ALWAYS_EMBED_SWIFT_STANDARD_LIBRARIES = YES;
				ASSETCATALOG_COMPILER_APPICON_NAME = AppIcon;
				CODE_SIGN_ENTITLEMENTS = Seasonal/Seasonal.entitlements;
				CODE_SIGN_IDENTITY = "iPhone Developer";
				CODE_SIGN_STYLE = Automatic;
				CURRENT_PROJECT_VERSION = 16;
				DEVELOPMENT_TEAM = L8GPFYU7M7;
				INFOPLIST_FILE = "$(SRCROOT)/Seasonal/Info.plist";
				IPHONEOS_DEPLOYMENT_TARGET = 13.6;
				LD_RUNPATH_SEARCH_PATHS = (
					"$(inherited)",
					"@executable_path/Frameworks",
				);
				MARKETING_VERSION = 1.0.3;
				PRODUCT_BUNDLE_IDENTIFIER = clomas.Seasonal;
				PRODUCT_NAME = "$(TARGET_NAME)";
				PROVISIONING_PROFILE_SPECIFIER = "";
				SWIFT_VERSION = 5.0;
				TARGETED_DEVICE_FAMILY = 1;
			};
			name = Release;
		};
/* End XCBuildConfiguration section */

/* Begin XCConfigurationList section */
		27EFF3BF215A5C1500CFB31D /* Build configuration list for PBXProject "Seasonal" */ = {
			isa = XCConfigurationList;
			buildConfigurations = (
				27EFF3D4215A5C1700CFB31D /* Debug */,
				27EFF3D5215A5C1700CFB31D /* Release */,
			);
			defaultConfigurationIsVisible = 0;
			defaultConfigurationName = Release;
		};
		27EFF3D6215A5C1700CFB31D /* Build configuration list for PBXNativeTarget "Seasonal" */ = {
			isa = XCConfigurationList;
			buildConfigurations = (
				27EFF3D7215A5C1700CFB31D /* Debug */,
				27EFF3D8215A5C1700CFB31D /* Release */,
			);
			defaultConfigurationIsVisible = 0;
			defaultConfigurationName = Release;
		};
/* End XCConfigurationList section */

/* Begin XCVersionGroup section */
		2706C40E2374C685006CB989 /* Seasonal.xcdatamodeld */ = {
			isa = XCVersionGroup;
			children = (
				2706C40F2374C685006CB989 /* Seasonal.xcdatamodel */,
			);
			currentVersion = 2706C40F2374C685006CB989 /* Seasonal.xcdatamodel */;
			path = Seasonal.xcdatamodeld;
			sourceTree = "<group>";
			versionGroupType = wrapper.xcdatamodel;
		};
/* End XCVersionGroup section */
	};
	rootObject = 27EFF3BC215A5C1500CFB31D /* Project object */;
}
